
Microsoft Visual Studio Solution File, Format Version 12.00
# Visual Studio 2012
Project("{8BC9CEB8-8B4A-11D0-8D11-00A0C91BC942}") = "Programming Question 1", "Programming Question 1\Programming Question 1.vcxproj", "{25A0533E-628C-4E47-8C1D-694D4E17BB2A}"
EndProject
Project("{8BC9CEB8-8B4A-11D0-8D11-00A0C91BC942}") = "Week 2 - Programming Question 1", "Week 2 - Programming Question 1\Week 2 - Programming Question 1.vcxproj", "{8C1A800D-4278-426F-9D52-0DCE6E3AC165}"
EndProject
Project("{8BC9CEB8-8B4A-11D0-8D11-00A0C91BC942}") = "Week 3 - Programming Question", "Week 3 - Programming Question\Week 3 - Programming Question.vcxproj", "{B8C2AC43-1D62-4CD9-B188-FB3775850D94}"
EndProject
Project("{8BC9CEB8-8B4A-11D0-8D11-00A0C91BC942}") = "Week 4 - Programming Question", "Week 4 - Programming Question\Week 4 - Programming Question.vcxproj", "{494CF4DA-9566-4FC1-835E-DE9A4A94C788}"
EndProject
Project("{8BC9CEB8-8B4A-11D0-8D11-00A0C91BC942}") = "Week 5 - Programming Question", "Week 5 - Programming Question\Week 5 - Programming Question.vcxproj", "{73F31DE4-52D4-429E-8FFC-EB9A945BE39A}"
EndProject
Project("{8BC9CEB8-8B4A-11D0-8D11-00A0C91BC942}") = "Week 6 - Programming Question 1", "Week 6 - Programming Question 1\Week 6 - Programming Question 1.vcxproj", "{FA5E7158-6207-46DA-8625-396D7AD55E36}"
EndProject
Project("{8BC9CEB8-8B4A-11D0-8D11-00A0C91BC942}") = "Week 6 - Programming Question 2", "Week 6 - Programming Question 2\Week 6 - Programming Question 2.vcxproj", "{4EC13681-E560-44D2-951B-BBAC349F0AAA}"
EndProject
Project("{8BC9CEB8-8B4A-11D0-8D11-00A0C91BC942}") = "Part 2 - Week 1- Programming Question 3 - Simple Approach", "Part 2 - Week 1- Programming Question 3\Part 2 - Week 1- Programming Question 3.vcxproj", "{32FDE63C-07C3-49C3-AD64-982FA5B0027E}"
EndProject
Project("{8BC9CEB8-8B4A-11D0-8D11-00A0C91BC942}") = "Part  2 - Week 1 - Programming Question 1", "Part  2 - Week 1 - Programming Question 1\Part  2 - Week 1 - Programming Question 1.vcxproj", "{700A5C43-80B7-4708-87CF-71835F2B59E1}"
EndProject
Project("{8BC9CEB8-8B4A-11D0-8D11-00A0C91BC942}") = "Part 2 - Week 1 - Programming Question 3 - Advanced", "Part 2 - Week 2 - Programming Question 3 - Advanced\Part 2 - Week 2 - Programming Question 3 - Advanced.vcxproj", "{C556FA63-2A80-4976-A336-0F3FECBC58A3}"
EndProject
Project("{8BC9CEB8-8B4A-11D0-8D11-00A0C91BC942}") = "Part 2 - Week 2 - Programming Question 1", "Part 2 - Week 2 - Programming Question 1\Part 2 - Week 2 - Programming Question 1.vcxproj", "{EB308617-772E-4DAE-8F5A-EB2A9CA484B1}"
EndProject
Project("{8BC9CEB8-8B4A-11D0-8D11-00A0C91BC942}") = "Part 2 - Week 2 - Programming Question 2", "Part 2 - Week 2 - Programming Question 2\Part 2 - Week 2 - Programming Question 2.vcxproj", "{5738B0E9-1441-45C3-BBC4-3B83F9E9CAF2}"
EndProject
Project("{8BC9CEB8-8B4A-11D0-8D11-00A0C91BC942}") = "Part 2 - Week 3 - Programming Question 1", "Part 2 - Week 3 - Programming Question 1\Part 2 - Week 3 - Programming Question 1.vcxproj", "{5868C6EB-E43A-4CC7-8F01-D784D5FC374F}"
EndProject
Global
	GlobalSection(SolutionConfigurationPlatforms) = preSolution
		Debug|Any CPU = Debug|Any CPU
		Debug|Mixed Platforms = Debug|Mixed Platforms
		Debug|Win32 = Debug|Win32
		Release|Any CPU = Release|Any CPU
		Release|Mixed Platforms = Release|Mixed Platforms
		Release|Win32 = Release|Win32
	EndGlobalSection
	GlobalSection(ProjectConfigurationPlatforms) = postSolution
		{25A0533E-628C-4E47-8C1D-694D4E17BB2A}.Debug|Any CPU.ActiveCfg = Debug|Win32
		{25A0533E-628C-4E47-8C1D-694D4E17BB2A}.Debug|Mixed Platforms.ActiveCfg = Debug|Win32
		{25A0533E-628C-4E47-8C1D-694D4E17BB2A}.Debug|Mixed Platforms.Build.0 = Debug|Win32
		{25A0533E-628C-4E47-8C1D-694D4E17BB2A}.Debug|Win32.ActiveCfg = Debug|Win32
		{25A0533E-628C-4E47-8C1D-694D4E17BB2A}.Debug|Win32.Build.0 = Debug|Win32
		{25A0533E-628C-4E47-8C1D-694D4E17BB2A}.Release|Any CPU.ActiveCfg = Release|Win32
		{25A0533E-628C-4E47-8C1D-694D4E17BB2A}.Release|Mixed Platforms.ActiveCfg = Release|Win32
		{25A0533E-628C-4E47-8C1D-694D4E17BB2A}.Release|Mixed Platforms.Build.0 = Release|Win32
		{25A0533E-628C-4E47-8C1D-694D4E17BB2A}.Release|Win32.ActiveCfg = Release|Win32
		{25A0533E-628C-4E47-8C1D-694D4E17BB2A}.Release|Win32.Build.0 = Release|Win32
		{8C1A800D-4278-426F-9D52-0DCE6E3AC165}.Debug|Any CPU.ActiveCfg = Debug|Win32
		{8C1A800D-4278-426F-9D52-0DCE6E3AC165}.Debug|Mixed Platforms.ActiveCfg = Debug|Win32
		{8C1A800D-4278-426F-9D52-0DCE6E3AC165}.Debug|Mixed Platforms.Build.0 = Debug|Win32
		{8C1A800D-4278-426F-9D52-0DCE6E3AC165}.Debug|Win32.ActiveCfg = Debug|Win32
		{8C1A800D-4278-426F-9D52-0DCE6E3AC165}.Debug|Win32.Build.0 = Debug|Win32
		{8C1A800D-4278-426F-9D52-0DCE6E3AC165}.Release|Any CPU.ActiveCfg = Release|Win32
		{8C1A800D-4278-426F-9D52-0DCE6E3AC165}.Release|Mixed Platforms.ActiveCfg = Release|Win32
		{8C1A800D-4278-426F-9D52-0DCE6E3AC165}.Release|Mixed Platforms.Build.0 = Release|Win32
		{8C1A800D-4278-426F-9D52-0DCE6E3AC165}.Release|Win32.ActiveCfg = Release|Win32
		{8C1A800D-4278-426F-9D52-0DCE6E3AC165}.Release|Win32.Build.0 = Release|Win32
		{B8C2AC43-1D62-4CD9-B188-FB3775850D94}.Debug|Any CPU.ActiveCfg = Debug|Win32
		{B8C2AC43-1D62-4CD9-B188-FB3775850D94}.Debug|Mixed Platforms.ActiveCfg = Debug|Win32
		{B8C2AC43-1D62-4CD9-B188-FB3775850D94}.Debug|Mixed Platforms.Build.0 = Debug|Win32
		{B8C2AC43-1D62-4CD9-B188-FB3775850D94}.Debug|Win32.ActiveCfg = Debug|Win32
		{B8C2AC43-1D62-4CD9-B188-FB3775850D94}.Debug|Win32.Build.0 = Debug|Win32
		{B8C2AC43-1D62-4CD9-B188-FB3775850D94}.Release|Any CPU.ActiveCfg = Release|Win32
		{B8C2AC43-1D62-4CD9-B188-FB3775850D94}.Release|Mixed Platforms.ActiveCfg = Release|Win32
		{B8C2AC43-1D62-4CD9-B188-FB3775850D94}.Release|Mixed Platforms.Build.0 = Release|Win32
		{B8C2AC43-1D62-4CD9-B188-FB3775850D94}.Release|Win32.ActiveCfg = Release|Win32
		{B8C2AC43-1D62-4CD9-B188-FB3775850D94}.Release|Win32.Build.0 = Release|Win32
		{494CF4DA-9566-4FC1-835E-DE9A4A94C788}.Debug|Any CPU.ActiveCfg = Debug|Win32
		{494CF4DA-9566-4FC1-835E-DE9A4A94C788}.Debug|Mixed Platforms.ActiveCfg = Debug|Win32
		{494CF4DA-9566-4FC1-835E-DE9A4A94C788}.Debug|Mixed Platforms.Build.0 = Debug|Win32
		{494CF4DA-9566-4FC1-835E-DE9A4A94C788}.Debug|Win32.ActiveCfg = Debug|Win32
		{494CF4DA-9566-4FC1-835E-DE9A4A94C788}.Debug|Win32.Build.0 = Debug|Win32
		{494CF4DA-9566-4FC1-835E-DE9A4A94C788}.Release|Any CPU.ActiveCfg = Release|Win32
		{494CF4DA-9566-4FC1-835E-DE9A4A94C788}.Release|Mixed Platforms.ActiveCfg = Release|Win32
		{494CF4DA-9566-4FC1-835E-DE9A4A94C788}.Release|Mixed Platforms.Build.0 = Release|Win32
		{494CF4DA-9566-4FC1-835E-DE9A4A94C788}.Release|Win32.ActiveCfg = Release|Win32
		{494CF4DA-9566-4FC1-835E-DE9A4A94C788}.Release|Win32.Build.0 = Release|Win32
		{73F31DE4-52D4-429E-8FFC-EB9A945BE39A}.Debug|Any CPU.ActiveCfg = Debug|Win32
		{73F31DE4-52D4-429E-8FFC-EB9A945BE39A}.Debug|Mixed Platforms.ActiveCfg = Debug|Win32
		{73F31DE4-52D4-429E-8FFC-EB9A945BE39A}.Debug|Mixed Platforms.Build.0 = Debug|Win32
		{73F31DE4-52D4-429E-8FFC-EB9A945BE39A}.Debug|Win32.ActiveCfg = Debug|Win32
		{73F31DE4-52D4-429E-8FFC-EB9A945BE39A}.Debug|Win32.Build.0 = Debug|Win32
		{73F31DE4-52D4-429E-8FFC-EB9A945BE39A}.Release|Any CPU.ActiveCfg = Release|Win32
		{73F31DE4-52D4-429E-8FFC-EB9A945BE39A}.Release|Mixed Platforms.ActiveCfg = Release|Win32
		{73F31DE4-52D4-429E-8FFC-EB9A945BE39A}.Release|Mixed Platforms.Build.0 = Release|Win32
		{73F31DE4-52D4-429E-8FFC-EB9A945BE39A}.Release|Win32.ActiveCfg = Release|Win32
		{73F31DE4-52D4-429E-8FFC-EB9A945BE39A}.Release|Win32.Build.0 = Release|Win32
		{FA5E7158-6207-46DA-8625-396D7AD55E36}.Debug|Any CPU.ActiveCfg = Debug|Win32
		{FA5E7158-6207-46DA-8625-396D7AD55E36}.Debug|Mixed Platforms.ActiveCfg = Debug|Win32
		{FA5E7158-6207-46DA-8625-396D7AD55E36}.Debug|Mixed Platforms.Build.0 = Debug|Win32
		{FA5E7158-6207-46DA-8625-396D7AD55E36}.Debug|Win32.ActiveCfg = Debug|Win32
		{FA5E7158-6207-46DA-8625-396D7AD55E36}.Debug|Win32.Build.0 = Debug|Win32
		{FA5E7158-6207-46DA-8625-396D7AD55E36}.Release|Any CPU.ActiveCfg = Release|Win32
		{FA5E7158-6207-46DA-8625-396D7AD55E36}.Release|Mixed Platforms.ActiveCfg = Release|Win32
		{FA5E7158-6207-46DA-8625-396D7AD55E36}.Release|Mixed Platforms.Build.0 = Release|Win32
		{FA5E7158-6207-46DA-8625-396D7AD55E36}.Release|Win32.ActiveCfg = Release|Win32
		{FA5E7158-6207-46DA-8625-396D7AD55E36}.Release|Win32.Build.0 = Release|Win32
		{4EC13681-E560-44D2-951B-BBAC349F0AAA}.Debug|Any CPU.ActiveCfg = Debug|Win32
		{4EC13681-E560-44D2-951B-BBAC349F0AAA}.Debug|Mixed Platforms.ActiveCfg = Debug|Win32
		{4EC13681-E560-44D2-951B-BBAC349F0AAA}.Debug|Mixed Platforms.Build.0 = Debug|Win32
		{4EC13681-E560-44D2-951B-BBAC349F0AAA}.Debug|Win32.ActiveCfg = Debug|Win32
		{4EC13681-E560-44D2-951B-BBAC349F0AAA}.Debug|Win32.Build.0 = Debug|Win32
		{4EC13681-E560-44D2-951B-BBAC349F0AAA}.Release|Any CPU.ActiveCfg = Release|Win32
		{4EC13681-E560-44D2-951B-BBAC349F0AAA}.Release|Mixed Platforms.ActiveCfg = Release|Win32
		{4EC13681-E560-44D2-951B-BBAC349F0AAA}.Release|Mixed Platforms.Build.0 = Release|Win32
		{4EC13681-E560-44D2-951B-BBAC349F0AAA}.Release|Win32.ActiveCfg = Release|Win32
		{4EC13681-E560-44D2-951B-BBAC349F0AAA}.Release|Win32.Build.0 = Release|Win32
		{32FDE63C-07C3-49C3-AD64-982FA5B0027E}.Debug|Any CPU.ActiveCfg = Debug|Win32
		{32FDE63C-07C3-49C3-AD64-982FA5B0027E}.Debug|Mixed Platforms.ActiveCfg = Debug|Win32
		{32FDE63C-07C3-49C3-AD64-982FA5B0027E}.Debug|Mixed Platforms.Build.0 = Debug|Win32
		{32FDE63C-07C3-49C3-AD64-982FA5B0027E}.Debug|Win32.ActiveCfg = Debug|Win32
		{32FDE63C-07C3-49C3-AD64-982FA5B0027E}.Debug|Win32.Build.0 = Debug|Win32
		{32FDE63C-07C3-49C3-AD64-982FA5B0027E}.Release|Any CPU.ActiveCfg = Release|Win32
		{32FDE63C-07C3-49C3-AD64-982FA5B0027E}.Release|Mixed Platforms.ActiveCfg = Release|Win32
		{32FDE63C-07C3-49C3-AD64-982FA5B0027E}.Release|Mixed Platforms.Build.0 = Release|Win32
		{32FDE63C-07C3-49C3-AD64-982FA5B0027E}.Release|Win32.ActiveCfg = Release|Win32
		{32FDE63C-07C3-49C3-AD64-982FA5B0027E}.Release|Win32.Build.0 = Release|Win32
		{700A5C43-80B7-4708-87CF-71835F2B59E1}.Debug|Any CPU.ActiveCfg = Debug|Win32
		{700A5C43-80B7-4708-87CF-71835F2B59E1}.Debug|Mixed Platforms.ActiveCfg = Debug|Win32
		{700A5C43-80B7-4708-87CF-71835F2B59E1}.Debug|Mixed Platforms.Build.0 = Debug|Win32
		{700A5C43-80B7-4708-87CF-71835F2B59E1}.Debug|Win32.ActiveCfg = Debug|Win32
		{700A5C43-80B7-4708-87CF-71835F2B59E1}.Debug|Win32.Build.0 = Debug|Win32
		{700A5C43-80B7-4708-87CF-71835F2B59E1}.Release|Any CPU.ActiveCfg = Release|Win32
		{700A5C43-80B7-4708-87CF-71835F2B59E1}.Release|Mixed Platforms.ActiveCfg = Release|Win32
		{700A5C43-80B7-4708-87CF-71835F2B59E1}.Release|Mixed Platforms.Build.0 = Release|Win32
		{700A5C43-80B7-4708-87CF-71835F2B59E1}.Release|Win32.ActiveCfg = Release|Win32
		{700A5C43-80B7-4708-87CF-71835F2B59E1}.Release|Win32.Build.0 = Release|Win32
		{C556FA63-2A80-4976-A336-0F3FECBC58A3}.Debug|Any CPU.ActiveCfg = Debug|Win32
		{C556FA63-2A80-4976-A336-0F3FECBC58A3}.Debug|Mixed Platforms.ActiveCfg = Debug|Win32
		{C556FA63-2A80-4976-A336-0F3FECBC58A3}.Debug|Mixed Platforms.Build.0 = Debug|Win32
		{C556FA63-2A80-4976-A336-0F3FECBC58A3}.Debug|Win32.ActiveCfg = Debug|Win32
		{C556FA63-2A80-4976-A336-0F3FECBC58A3}.Debug|Win32.Build.0 = Debug|Win32
		{C556FA63-2A80-4976-A336-0F3FECBC58A3}.Release|Any CPU.ActiveCfg = Release|Win32
		{C556FA63-2A80-4976-A336-0F3FECBC58A3}.Release|Mixed Platforms.ActiveCfg = Release|Win32
		{C556FA63-2A80-4976-A336-0F3FECBC58A3}.Release|Mixed Platforms.Build.0 = Release|Win32
		{C556FA63-2A80-4976-A336-0F3FECBC58A3}.Release|Win32.ActiveCfg = Release|Win32
		{C556FA63-2A80-4976-A336-0F3FECBC58A3}.Release|Win32.Build.0 = Release|Win32
		{EB308617-772E-4DAE-8F5A-EB2A9CA484B1}.Debug|Any CPU.ActiveCfg = Debug|Win32
		{EB308617-772E-4DAE-8F5A-EB2A9CA484B1}.Debug|Mixed Platforms.ActiveCfg = Debug|Win32
		{EB308617-772E-4DAE-8F5A-EB2A9CA484B1}.Debug|Mixed Platforms.Build.0 = Debug|Win32
		{EB308617-772E-4DAE-8F5A-EB2A9CA484B1}.Debug|Win32.ActiveCfg = Debug|Win32
		{EB308617-772E-4DAE-8F5A-EB2A9CA484B1}.Debug|Win32.Build.0 = Debug|Win32
		{EB308617-772E-4DAE-8F5A-EB2A9CA484B1}.Release|Any CPU.ActiveCfg = Release|Win32
		{EB308617-772E-4DAE-8F5A-EB2A9CA484B1}.Release|Mixed Platforms.ActiveCfg = Release|Win32
		{EB308617-772E-4DAE-8F5A-EB2A9CA484B1}.Release|Mixed Platforms.Build.0 = Release|Win32
		{EB308617-772E-4DAE-8F5A-EB2A9CA484B1}.Release|Win32.ActiveCfg = Release|Win32
		{EB308617-772E-4DAE-8F5A-EB2A9CA484B1}.Release|Win32.Build.0 = Release|Win32
		{5738B0E9-1441-45C3-BBC4-3B83F9E9CAF2}.Debug|Any CPU.ActiveCfg = Debug|Win32
		{5738B0E9-1441-45C3-BBC4-3B83F9E9CAF2}.Debug|Mixed Platforms.ActiveCfg = Debug|Win32
		{5738B0E9-1441-45C3-BBC4-3B83F9E9CAF2}.Debug|Mixed Platforms.Build.0 = Debug|Win32
		{5738B0E9-1441-45C3-BBC4-3B83F9E9CAF2}.Debug|Win32.ActiveCfg = Debug|Win32
		{5738B0E9-1441-45C3-BBC4-3B83F9E9CAF2}.Debug|Win32.Build.0 = Debug|Win32
		{5738B0E9-1441-45C3-BBC4-3B83F9E9CAF2}.Release|Any CPU.ActiveCfg = Release|Win32
		{5738B0E9-1441-45C3-BBC4-3B83F9E9CAF2}.Release|Mixed Platforms.ActiveCfg = Release|Win32
		{5738B0E9-1441-45C3-BBC4-3B83F9E9CAF2}.Release|Mixed Platforms.Build.0 = Release|Win32
		{5738B0E9-1441-45C3-BBC4-3B83F9E9CAF2}.Release|Win32.ActiveCfg = Release|Win32
		{5738B0E9-1441-45C3-BBC4-3B83F9E9CAF2}.Release|Win32.Build.0 = Release|Win32
		{5868C6EB-E43A-4CC7-8F01-D784D5FC374F}.Debug|Any CPU.ActiveCfg = Debug|Win32
		{5868C6EB-E43A-4CC7-8F01-D784D5FC374F}.Debug|Mixed Platforms.ActiveCfg = Debug|Win32
		{5868C6EB-E43A-4CC7-8F01-D784D5FC374F}.Debug|Mixed Platforms.Build.0 = Debug|Win32
		{5868C6EB-E43A-4CC7-8F01-D784D5FC374F}.Debug|Win32.ActiveCfg = Debug|Win32
		{5868C6EB-E43A-4CC7-8F01-D784D5FC374F}.Debug|Win32.Build.0 = Debug|Win32
		{5868C6EB-E43A-4CC7-8F01-D784D5FC374F}.Release|Any CPU.ActiveCfg = Release|Win32
		{5868C6EB-E43A-4CC7-8F01-D784D5FC374F}.Release|Mixed Platforms.ActiveCfg = Release|Win32
		{5868C6EB-E43A-4CC7-8F01-D784D5FC374F}.Release|Mixed Platforms.Build.0 = Release|Win32
		{5868C6EB-E43A-4CC7-8F01-D784D5FC374F}.Release|Win32.ActiveCfg = Release|Win32
		{5868C6EB-E43A-4CC7-8F01-D784D5FC374F}.Release|Win32.Build.0 = Release|Win32
	EndGlobalSection
	GlobalSection(SolutionProperties) = preSolution
		HideSolutionNode = FALSE
	EndGlobalSection
EndGlobal
